
Microsoft Visual Studio Solution File, Format Version 12.00
# Visual Studio Version 17
VisualStudioVersion = 17.14.36915.13 d17.14
MinimumVisualStudioVersion = 10.0.40219.1
Project("{FAE04EC0-301F-11D3-BF4B-00C04F79EFBC}") = "ComplianceService.Domain", "src\ComplianceService.Domain\ComplianceService.Domain.csproj", "{2E8B9F1A-1234-4567-89AB-CDEF01234567}"
EndProject
Project("{FAE04EC0-301F-11D3-BF4B-00C04F79EFBC}") = "ComplianceService.Application", "src\ComplianceService.Application\ComplianceService.Application.csproj", "{3F9C0E2B-2345-5678-90BC-DEF012345678}"
EndProject
Project("{FAE04EC0-301F-11D3-BF4B-00C04F79EFBC}") = "ComplianceService.Infrastructure", "src\ComplianceService.Infrastructure\ComplianceService.Infrastructure.csproj", "{4A0D1F3C-3456-6789-01CD-EF0123456789}"
EndProject
Project("{FAE04EC0-301F-11D3-BF4B-00C04F79EFBC}") = "ComplianceService.Api", "src\ComplianceService.Api\ComplianceService.Api.csproj", "{F5F5F5F5-5555-5555-5555-555555555555}"
EndProject
Project("{FAE04EC0-301F-11D3-BF4B-00C04F79EFBC}") = "ComplianceService.Domain.Tests", "tests\ComplianceService.Domain.Tests\ComplianceService.Domain.Tests.csproj", "{D1D1D1D1-1111-1111-1111-111111111111}"
EndProject
Project("{FAE04EC0-301F-11D3-BF4B-00C04F79EFBC}") = "ComplianceService.Application.Tests", "tests\ComplianceService.Application.Tests\ComplianceService.Application.Tests.csproj", "{A2A2A2A2-2222-2222-2222-222222222222}"
EndProject
Project("{FAE04EC0-301F-11D3-BF4B-00C04F79EFBC}") = "ComplianceService.Api.Tests", "tests\ComplianceService.Api.Tests\ComplianceService.Api.Tests.csproj", "{A3A3A3A3-3333-3333-3333-333333333333}"
EndProject
Global
	GlobalSection(SolutionConfigurationPlatforms) = preSolution
		Debug|Any CPU = Debug|Any CPU
		Release|Any CPU = Release|Any CPU
	EndGlobalSection
	GlobalSection(ProjectConfigurationPlatforms) = postSolution
		{2E8B9F1A-1234-4567-89AB-CDEF01234567}.Debug|Any CPU.ActiveCfg = Debug|Any CPU
		{2E8B9F1A-1234-4567-89AB-CDEF01234567}.Debug|Any CPU.Build.0 = Debug|Any CPU
		{2E8B9F1A-1234-4567-89AB-CDEF01234567}.Release|Any CPU.ActiveCfg = Release|Any CPU
		{2E8B9F1A-1234-4567-89AB-CDEF01234567}.Release|Any CPU.Build.0 = Release|Any CPU
		{3F9C0E2B-2345-5678-90BC-DEF012345678}.Debug|Any CPU.ActiveCfg = Debug|Any CPU
		{3F9C0E2B-2345-5678-90BC-DEF012345678}.Debug|Any CPU.Build.0 = Debug|Any CPU
		{3F9C0E2B-2345-5678-90BC-DEF012345678}.Release|Any CPU.ActiveCfg = Release|Any CPU
		{3F9C0E2B-2345-5678-90BC-DEF012345678}.Release|Any CPU.Build.0 = Release|Any CPU
		{4A0D1F3C-3456-6789-01CD-EF0123456789}.Debug|Any CPU.ActiveCfg = Debug|Any CPU
		{4A0D1F3C-3456-6789-01CD-EF0123456789}.Debug|Any CPU.Build.0 = Debug|Any CPU
		{4A0D1F3C-3456-6789-01CD-EF0123456789}.Release|Any CPU.ActiveCfg = Release|Any CPU
		{4A0D1F3C-3456-6789-01CD-EF0123456789}.Release|Any CPU.Build.0 = Release|Any CPU
		{F5F5F5F5-5555-5555-5555-555555555555}.Debug|Any CPU.ActiveCfg = Debug|Any CPU
		{F5F5F5F5-5555-5555-5555-555555555555}.Debug|Any CPU.Build.0 = Debug|Any CPU
		{F5F5F5F5-5555-5555-5555-555555555555}.Release|Any CPU.ActiveCfg = Release|Any CPU
		{F5F5F5F5-5555-5555-5555-555555555555}.Release|Any CPU.Build.0 = Release|Any CPU
		{D1D1D1D1-1111-1111-1111-111111111111}.Debug|Any CPU.ActiveCfg = Debug|Any CPU
		{D1D1D1D1-1111-1111-1111-111111111111}.Debug|Any CPU.Build.0 = Debug|Any CPU
		{D1D1D1D1-1111-1111-1111-111111111111}.Release|Any CPU.ActiveCfg = Release|Any CPU
		{D1D1D1D1-1111-1111-1111-111111111111}.Release|Any CPU.Build.0 = Release|Any CPU
		{A2A2A2A2-2222-2222-2222-222222222222}.Debug|Any CPU.ActiveCfg = Debug|Any CPU
		{A2A2A2A2-2222-2222-2222-222222222222}.Debug|Any CPU.Build.0 = Debug|Any CPU
		{A2A2A2A2-2222-2222-2222-222222222222}.Release|Any CPU.ActiveCfg = Release|Any CPU
		{A2A2A2A2-2222-2222-2222-222222222222}.Release|Any CPU.Build.0 = Release|Any CPU
		{A3A3A3A3-3333-3333-3333-333333333333}.Debug|Any CPU.ActiveCfg = Debug|Any CPU
		{A3A3A3A3-3333-3333-3333-333333333333}.Debug|Any CPU.Build.0 = Debug|Any CPU
		{A3A3A3A3-3333-3333-3333-333333333333}.Release|Any CPU.ActiveCfg = Release|Any CPU
		{A3A3A3A3-3333-3333-3333-333333333333}.Release|Any CPU.Build.0 = Release|Any CPU
	EndGlobalSection
	GlobalSection(SolutionProperties) = preSolution
		HideSolutionNode = FALSE
	EndGlobalSection
	GlobalSection(ExtensibilityGlobals) = postSolution
		SolutionGuid = {3C861FAB-FBBF-48A7-A413-5A21DBE40F5B}
	EndGlobalSection
EndGlobal
