
Microsoft Visual Studio Solution File, Format Version 12.00
# Visual Studio Version 17
VisualStudioVersion = 17.14.36915.13 d17.14
MinimumVisualStudioVersion = 10.0.40219.1
Project("{FAE04EC0-301F-11D3-BF4B-00C04F79EFBC}") = "ComplianceService.Domain", "src\ComplianceService.Domain\ComplianceService.Domain.csproj", "{2E8B9F1A-1234-4567-89AB-CDEF01234567}"
EndProject
Project("{FAE04EC0-301F-11D3-BF4B-00C04F79EFBC}") = "ComplianceService.Application", "src\ComplianceService.Application\ComplianceService.Application.csproj", "{3F9C0E2B-2345-5678-90BC-DEF012345678}"
EndProject
Global
	GlobalSection(SolutionConfigurationPlatforms) = preSolution
		Debug|Any CPU = Debug|Any CPU
		Release|Any CPU = Release|Any CPU
	EndGlobalSection
	GlobalSection(ProjectConfigurationPlatforms) = postSolution
		{2E8B9F1A-1234-4567-89AB-CDEF01234567}.Debug|Any CPU.ActiveCfg = Debug|Any CPU
		{2E8B9F1A-1234-4567-89AB-CDEF01234567}.Debug|Any CPU.Build.0 = Debug|Any CPU
		{2E8B9F1A-1234-4567-89AB-CDEF01234567}.Release|Any CPU.ActiveCfg = Release|Any CPU
		{2E8B9F1A-1234-4567-89AB-CDEF01234567}.Release|Any CPU.Build.0 = Release|Any CPU
		{3F9C0E2B-2345-5678-90BC-DEF012345678}.Debug|Any CPU.ActiveCfg = Debug|Any CPU
		{3F9C0E2B-2345-5678-90BC-DEF012345678}.Debug|Any CPU.Build.0 = Debug|Any CPU
		{3F9C0E2B-2345-5678-90BC-DEF012345678}.Release|Any CPU.ActiveCfg = Release|Any CPU
		{3F9C0E2B-2345-5678-90BC-DEF012345678}.Release|Any CPU.Build.0 = Release|Any CPU
	EndGlobalSection
	GlobalSection(SolutionProperties) = preSolution
		HideSolutionNode = FALSE
	EndGlobalSection
	GlobalSection(ExtensibilityGlobals) = postSolution
		SolutionGuid = {3C861FAB-FBBF-48A7-A413-5A21DBE40F5B}
	EndGlobalSection
EndGlobal
